// !$*UTF8*$!
{
	archiveVersion = 1;
	classes = {
	};
	objectVersion = 46;
	objects = {

/* Begin PBXBuildFile section */
		32A4412D1D9B2E0B000AA040 /* AppDelegate.swift in Sources */ = {isa = PBXBuildFile; fileRef = 32A4412C1D9B2E0B000AA040 /* AppDelegate.swift */; };
		32A4412F1D9B2E0B000AA040 /* ViewController.swift in Sources */ = {isa = PBXBuildFile; fileRef = 32A4412E1D9B2E0B000AA040 /* ViewController.swift */; };
		32A441321D9B2E0B000AA040 /* Main.storyboard in Resources */ = {isa = PBXBuildFile; fileRef = 32A441301D9B2E0B000AA040 /* Main.storyboard */; };
		32A441341D9B2E0B000AA040 /* Assets.xcassets in Resources */ = {isa = PBXBuildFile; fileRef = 32A441331D9B2E0B000AA040 /* Assets.xcassets */; };
		32A441371D9B2E0B000AA040 /* LaunchScreen.storyboard in Resources */ = {isa = PBXBuildFile; fileRef = 32A441351D9B2E0B000AA040 /* LaunchScreen.storyboard */; };
/* End PBXBuildFile section */

/* Begin PBXFileReference section */
		32A441291D9B2E0B000AA040 /* MailCSVSample.app */ = {isa = PBXFileReference; explicitFileType = wrapper.application; includeInIndex = 0; path = MailCSVSample.app; sourceTree = BUILT_PRODUCTS_DIR; };
		32A4412C1D9B2E0B000AA040 /* AppDelegate.swift */ = {isa = PBXFileReference; lastKnownFileType = sourcecode.swift; path = AppDelegate.swift; sourceTree = "<group>"; };
		32A4412E1D9B2E0B000AA040 /* ViewController.swift */ = {isa = PBXFileReference; lastKnownFileType = sourcecode.swift; path = ViewController.swift; sourceTree = "<group>"; };
		32A441311D9B2E0B000AA040 /* Base */ = {isa = PBXFileReference; lastKnownFileType = file.storyboard; name = Base; path = Base.lproj/Main.storyboard; sourceTree = "<group>"; };
		32A441331D9B2E0B000AA040 /* Assets.xcassets */ = {isa = PBXFileReference; lastKnownFileType = folder.assetcatalog; path = Assets.xcassets; sourceTree = "<group>"; };
		32A441361D9B2E0B000AA040 /* Base */ = {isa = PBXFileReference; lastKnownFileType = file.storyboard; name = Base; path = Base.lproj/LaunchScreen.storyboard; sourceTree = "<group>"; };
		32A441381D9B2E0B000AA040 /* Info.plist */ = {isa = PBXFileReference; lastKnownFileType = text.plist.xml; path = Info.plist; sourceTree = "<group>"; };
/* End PBXFileReference section */

/* Begin PBXFrameworksBuildPhase section */
		32A441261D9B2E0B000AA040 /* Frameworks */ = {
			isa = PBXFrameworksBuildPhase;
			buildActionMask = 2147483647;
			files = (
			);
			runOnlyForDeploymentPostprocessing = 0;
		};
/* End PBXFrameworksBuildPhase section */

/* Begin PBXGroup section */
		32A441201D9B2E0B000AA040 = {
			isa = PBXGroup;
			children = (
				32A4412B1D9B2E0B000AA040 /* MailCSVSample */,
				32A4412A1D9B2E0B000AA040 /* Products */,
			);
			sourceTree = "<group>";
		};
		32A4412A1D9B2E0B000AA040 /* Products */ = {
			isa = PBXGroup;
			children = (
				32A441291D9B2E0B000AA040 /* MailCSVSample.app */,
			);
			name = Products;
			sourceTree = "<group>";
		};
		32A4412B1D9B2E0B000AA040 /* MailCSVSample */ = {
			isa = PBXGroup;
			children = (
				32A4412C1D9B2E0B000AA040 /* AppDelegate.swift */,
				32A4412E1D9B2E0B000AA040 /* ViewController.swift */,
				32A441301D9B2E0B000AA040 /* Main.storyboard */,
				32A441331D9B2E0B000AA040 /* Assets.xcassets */,
				32A441351D9B2E0B000AA040 /* LaunchScreen.storyboard */,
				32A441381D9B2E0B000AA040 /* Info.plist */,
			);
			path = MailCSVSample;
			sourceTree = "<group>";
		};
/* End PBXGroup section */

/* Begin PBXNativeTarget section */
		32A441281D9B2E0B000AA040 /* MailCSVSample */ = {
			isa = PBXNativeTarget;
			buildConfigurationList = 32A4413B1D9B2E0B000AA040 /* Build configuration list for PBXNativeTarget "MailCSVSample" */;
			buildPhases = (
				32A441251D9B2E0B000AA040 /* Sources */,
				32A441261D9B2E0B000AA040 /* Frameworks */,
				32A441271D9B2E0B000AA040 /* Resources */,
			);
			buildRules = (
			);
			dependencies = (
			);
			name = MailCSVSample;
			productName = MailCSVSample;
			productReference = 32A441291D9B2E0B000AA040 /* MailCSVSample.app */;
			productType = "com.apple.product-type.application";
		};
/* End PBXNativeTarget section */

/* Begin PBXProject section */
		32A441211D9B2E0B000AA040 /* Project object */ = {
			isa = PBXProject;
			attributes = {
				LastSwiftUpdateCheck = 0800;
				LastUpgradeCheck = 0800;
				ORGANIZATIONNAME = "T@d";
				TargetAttributes = {
					32A441281D9B2E0B000AA040 = {
						CreatedOnToolsVersion = 8.0;
						DevelopmentTeam = LPMD2DMU36;
						ProvisioningStyle = Automatic;
					};
				};
			};
			buildConfigurationList = 32A441241D9B2E0B000AA040 /* Build configuration list for PBXProject "MailCSVSample" */;
			compatibilityVersion = "Xcode 3.2";
			developmentRegion = English;
			hasScannedForEncodings = 0;
			knownRegions = (
				en,
				Base,
			);
			mainGroup = 32A441201D9B2E0B000AA040;
			productRefGroup = 32A4412A1D9B2E0B000AA040 /* Products */;
			projectDirPath = "";
			projectRoot = "";
			targets = (
				32A441281D9B2E0B000AA040 /* MailCSVSample */,
			);
		};
/* End PBXProject section */

/* Begin PBXResourcesBuildPhase section */
		32A441271D9B2E0B000AA040 /* Resources */ = {
			isa = PBXResourcesBuildPhase;
			buildActionMask = 2147483647;
			files = (
				32A441371D9B2E0B000AA040 /* LaunchScreen.storyboard in Resources */,
				32A441341D9B2E0B000AA040 /* Assets.xcassets in Resources */,
				32A441321D9B2E0B000AA040 /* Main.storyboard in Resources */,
			);
			runOnlyForDeploymentPostprocessing = 0;
		};
/* End PBXResourcesBuildPhase section */

/* Begin PBXSourcesBuildPhase section */
		32A441251D9B2E0B000AA040 /* Sources */ = {
			isa = PBXSourcesBuildPhase;
			buildActionMask = 2147483647;
			files = (
				32A4412F1D9B2E0B000AA040 /* ViewController.swift in Sources */,
				32A4412D1D9B2E0B000AA040 /* AppDelegate.swift in Sources */,
			);
			runOnlyForDeploymentPostprocessing = 0;
		};
/* End PBXSourcesBuildPhase section */

/* Begin PBXVariantGroup section */
		32A441301D9B2E0B000AA040 /* Main.storyboard */ = {
			isa = PBXVariantGroup;
			children = (
				32A441311D9B2E0B000AA040 /* Base */,
			);
			name = Main.storyboard;
			sourceTree = "<group>";
		};
		32A441351D9B2E0B000AA040 /* LaunchScreen.storyboard */ = {
			isa = PBXVariantGroup;
			children = (
				32A441361D9B2E0B000AA040 /* Base */,
			);
			name = LaunchScreen.storyboard;
			sourceTree = "<group>";
		};
/* End PBXVariantGroup section */

/* Begin XCBuildConfiguration section */
		32A441391D9B2E0B000AA040 /* Debug */ = {
			isa = XCBuildConfiguration;
			buildSettings = {
				ALWAYS_SEARCH_USER_PATHS = NO;
				CLANG_ANALYZER_NONNULL = YES;
				CLANG_CXX_LANGUAGE_STANDARD = "gnu++0x";
				CLANG_CXX_LIBRARY = "libc++";
				CLANG_ENABLE_MODULES = YES;
				CLANG_ENABLE_OBJC_ARC = YES;
				CLANG_WARN_BOOL_CONVERSION = YES;
				CLANG_WARN_CONSTANT_CONVERSION = YES;
				CLANG_WARN_DIRECT_OBJC_ISA_USAGE = YES_ERROR;
				CLANG_WARN_DOCUMENTATION_COMMENTS = YES;
				CLANG_WARN_EMPTY_BODY = YES;
				CLANG_WARN_ENUM_CONVERSION = YES;
				CLANG_WARN_INFINITE_RECURSION = YES;
				CLANG_WARN_INT_CONVERSION = YES;
				CLANG_WARN_OBJC_ROOT_CLASS = YES_ERROR;
				CLANG_WARN_SUSPICIOUS_MOVES = YES;
				CLANG_WARN_UNREACHABLE_CODE = YES;
				CLANG_WARN__DUPLICATE_METHOD_MATCH = YES;
				"CODE_SIGN_IDENTITY[sdk=iphoneos*]" = "iPhone Developer";
				COPY_PHASE_STRIP = NO;
				DEBUG_INFORMATION_FORMAT = dwarf;
				ENABLE_STRICT_OBJC_MSGSEND = YES;
				ENABLE_TESTABILITY = YES;
				GCC_C_LANGUAGE_STANDARD = gnu99;
				GCC_DYNAMIC_NO_PIC = NO;
				GCC_NO_COMMON_BLOCKS = YES;
				GCC_OPTIMIZATION_LEVEL = 0;
				GCC_PREPROCESSOR_DEFINITIONS = (
					"DEBUG=1",
					"$(inherited)",
				);
				GCC_WARN_64_TO_32_BIT_CONVERSION = YES;
				GCC_WARN_ABOUT_RETURN_TYPE = YES_ERROR;
				GCC_WARN_UNDECLARED_SELECTOR = YES;
				GCC_WARN_UNINITIALIZED_AUTOS = YES_AGGRESSIVE;
				GCC_WARN_UNUSED_FUNCTION = YES;
				GCC_WARN_UNUSED_VARIABLE = YES;
				IPHONEOS_DEPLOYMENT_TARGET = 10.0;
				MTL_ENABLE_DEBUG_INFO = YES;
				ONLY_ACTIVE_ARCH = YES;
				SDKROOT = iphoneos;
				SWIFT_ACTIVE_COMPILATION_CONDITIONS = DEBUG;
				SWIFT_OPTIMIZATION_LEVEL = "-Onone";
			};
			name = Debug;
		};
		32A4413A1D9B2E0B000AA040 /* Release */ = {
			isa = XCBuildConfiguration;
			buildSettings = {
				ALWAYS_SEARCH_USER_PATHS = NO;
				CLANG_ANALYZER_NONNULL = YES;
				CLANG_CXX_LANGUAGE_STANDARD = "gnu++0x";
				CLANG_CXX_LIBRARY = "libc++";
				CLANG_ENABLE_MODULES = YES;
				CLANG_ENABLE_OBJC_ARC = YES;
				CLANG_WARN_BOOL_CONVERSION = YES;
				CLANG_WARN_CONSTANT_CONVERSION = YES;
				CLANG_WARN_DIRECT_OBJC_ISA_USAGE = YES_ERROR;
				CLANG_WARN_DOCUMENTATION_COMMENTS = YES;
				CLANG_WARN_EMPTY_BODY = YES;
				CLANG_WARN_ENUM_CONVERSION = YES;
				CLANG_WARN_INFINITE_RECURSION = YES;
				CLANG_WARN_INT_CONVERSION = YES;
				CLANG_WARN_OBJC_ROOT_CLASS = YES_ERROR;
				CLANG_WARN_SUSPICIOUS_MOVES = YES;
				CLANG_WARN_UNREACHABLE_CODE = YES;
				CLANG_WARN__DUPLICATE_METHOD_MATCH = YES;
				"CODE_SIGN_IDENTITY[sdk=iphoneos*]" = "iPhone Developer";
				COPY_PHASE_STRIP = NO;
				DEBUG_INFORMATION_FORMAT = "dwarf-with-dsym";
				ENABLE_NS_ASSERTIONS = NO;
				ENABLE_STRICT_OBJC_MSGSEND = YES;
				GCC_C_LANGUAGE_STANDARD = gnu99;
				GCC_NO_COMMON_BLOCKS = YES;
				GCC_WARN_64_TO_32_BIT_CONVERSION = YES;
				GCC_WARN_ABOUT_RETURN_TYPE = YES_ERROR;
				GCC_WARN_UNDECLARED_SELECTOR = YES;
				GCC_WARN_UNINITIALIZED_AUTOS = YES_AGGRESSIVE;
				GCC_WARN_UNUSED_FUNCTION = YES;
				GCC_WARN_UNUSED_VARIABLE = YES;
				IPHONEOS_DEPLOYMENT_TARGET = 10.0;
				MTL_ENABLE_DEBUG_INFO = NO;
				SDKROOT = iphoneos;
				SWIFT_OPTIMIZATION_LEVEL = "-Owholemodule";
				VALIDATE_PRODUCT = YES;
			};
			name = Release;
		};
		32A4413C1D9B2E0B000AA040 /* Debug */ = {
			isa = XCBuildConfiguration;
			buildSettings = {
				ASSETCATALOG_COMPILER_APPICON_NAME = AppIcon;
				DEVELOPMENT_TEAM = LPMD2DMU36;
				INFOPLIST_FILE = MailCSVSample/Info.plist;
				LD_RUNPATH_SEARCH_PATHS = "$(inherited) @executable_path/Frameworks";
				PRODUCT_BUNDLE_IDENTIFIER = fm.blunder.MailCSVSample;
				PRODUCT_NAME = "$(TARGET_NAME)";
				SWIFT_VERSION = 3.0;
			};
			name = Debug;
		};
		32A4413D1D9B2E0B000AA040 /* Release */ = {
			isa = XCBuildConfiguration;
			buildSettings = {
				ASSETCATALOG_COMPILER_APPICON_NAME = AppIcon;
				DEVELOPMENT_TEAM = LPMD2DMU36;
				INFOPLIST_FILE = MailCSVSample/Info.plist;
				LD_RUNPATH_SEARCH_PATHS = "$(inherited) @executable_path/Frameworks";
				PRODUCT_BUNDLE_IDENTIFIER = fm.blunder.MailCSVSample;
				PRODUCT_NAME = "$(TARGET_NAME)";
				SWIFT_VERSION = 3.0;
			};
			name = Release;
		};
/* End XCBuildConfiguration section */

/* Begin XCConfigurationList section */
		32A441241D9B2E0B000AA040 /* Build configuration list for PBXProject "MailCSVSample" */ = {
			isa = XCConfigurationList;
			buildConfigurations = (
				32A441391D9B2E0B000AA040 /* Debug */,
				32A4413A1D9B2E0B000AA040 /* Release */,
			);
			defaultConfigurationIsVisible = 0;
			defaultConfigurationName = Release;
		};
		32A4413B1D9B2E0B000AA040 /* Build configuration list for PBXNativeTarget "MailCSVSample" */ = {
			isa = XCConfigurationList;
			buildConfigurations = (
				32A4413C1D9B2E0B000AA040 /* Debug */,
				32A4413D1D9B2E0B000AA040 /* Release */,
			);
			defaultConfigurationIsVisible = 0;
		};
/* End XCConfigurationList section */
	};
	rootObject = 32A441211D9B2E0B000AA040 /* Project object */;
}
